# THIS IS AN AUTOGENERATED FILE. DO NOT EDIT THIS FILE DIRECTLY.
# yarn lockfile v1


"@prettier/plugin-ruby@^3.2.2":
  "integrity" "sha512-Vc7jVE39Fgswl517ET4kPtpnoRWE6XTi1Sivd84rZyomYnHYUmvUsEeoOf6tVhzTuIXE5XVQB1YCG2hulrwR3Q=="
  "resolved" "https://registry.npmjs.org/@prettier/plugin-ruby/-/plugin-ruby-3.2.2.tgz"
  "version" "3.2.2"
  dependencies:
    "prettier" ">=2.3.0"

"commander@^2.6.0":
  "integrity" "sha512-GpVkmM8vF2vQUkj2LvZmD35JxeJOLCwJ9cUkugyk2nuhbv3+mJvpLYYt+0+USMxE+oj+ey/lJEnhZw75x/OMcQ=="
  "resolved" "https://registry.npmjs.org/commander/-/commander-2.20.3.tgz"
  "version" "2.20.3"

"conventional-changelog-generator@^0.0.3":
  "integrity" "sha512-du57/zSUxXVOM1xdfq/7TPLisKyE1hYzKYKRApkW03D/ddOKX+EBs0bEapwsxADSUZeHcNxJwU/LR9tGkuXXaw=="
  "resolved" "https://registry.npmjs.org/conventional-changelog-generator/-/conventional-changelog-generator-0.0.3.tgz"
  "version" "0.0.3"
  dependencies:
    "commander" "^2.6.0"
    "conventional-changelog" "0.0.11"

"conventional-changelog@0.0.11":
  "integrity" "sha512-w86suq1bf3goYFKwJ3ZCd8REtZ4zk67u+kVG/Klh+2Njz6OAlAUhbboYOO2qy639wSmdyA6CUOifh3Z/su/lRA=="
  "resolved" "https://registry.npmjs.org/conventional-changelog/-/conventional-changelog-0.0.11.tgz"
  "version" "0.0.11"
  dependencies:
    "event-stream" "~3.1.0"
    "lodash.assign" "~2.4.1"

"duplexer@~0.1.1":
  "integrity" "sha512-jtD6YG370ZCIi/9GTaJKQxWTZD045+4R4hTk/x1UyoqadyJ9x9CgSi1RlVDQF8U2sxLLSnFkCaMihqljHIWgMg=="
  "resolved" "https://registry.npmjs.org/duplexer/-/duplexer-0.1.2.tgz"
  "version" "0.1.2"

"event-stream@~3.1.0":
  "integrity" "sha512-ddACn1VEffD+nvbofs8gs/0qJZC9gtEGLG+WykE//rinSpYLSaTsnN96eVQV+gHdUhV/nVtxUNKC3OjrApuEMw=="
  "resolved" "https://registry.npmjs.org/event-stream/-/event-stream-3.1.7.tgz"
  "version" "3.1.7"
  dependencies:
    "duplexer" "~0.1.1"
    "from" "~0"
    "map-stream" "~0.1.0"
    "pause-stream" "0.0.11"
    "split" "0.2"
    "stream-combiner" "~0.0.4"
    "through" "~2.3.1"

"from@~0":
  "integrity" "sha512-twe20eF1OxVxp/ML/kq2p1uc6KvFK/+vs8WjEbeKmV2He22MKm7YF2ANIt+EOqhJ5L3K/SuuPhk0hWQDjOM23g=="
  "resolved" "https://registry.npmjs.org/from/-/from-0.1.7.tgz"
  "version" "0.1.7"

"lodash._basebind@~2.4.1":
  "integrity" "sha512-VGHm6DH+1UiuafQdE/DNMqxOcSyhRu0xO9+jPDq7xITRn5YOorGrHVQmavMVXCYmTm80YRTZZCn/jTW7MokwLg=="
  "resolved" "https://registry.npmjs.org/lodash._basebind/-/lodash._basebind-2.4.1.tgz"
  "version" "2.4.1"
  dependencies:
    "lodash._basecreate" "~2.4.1"
    "lodash._setbinddata" "~2.4.1"
    "lodash._slice" "~2.4.1"
    "lodash.isobject" "~2.4.1"

"lodash._basecreate@~2.4.1":
  "integrity" "sha512-8JJ3FnMPm54t3BwPLk8q8mPyQKQXm/rt9df+awr4NGtyJrtcCXM3Of1I86S6jVy1b4yAyFBb8wbKPEauuqzRmQ=="
  "resolved" "https://registry.npmjs.org/lodash._basecreate/-/lodash._basecreate-2.4.1.tgz"
  "version" "2.4.1"
  dependencies:
    "lodash._isnative" "~2.4.1"
    "lodash.isobject" "~2.4.1"
    "lodash.noop" "~2.4.1"

"lodash._basecreatecallback@~2.4.1":
  "integrity" "sha512-SLczhg860fGW7AKlYcuOFstDtJuQhaANlJ4Y/jrOoRxhmVtK41vbJDH3OefVRSRkSCQo4HI82QVkAVsoGa5gSw=="
  "resolved" "https://registry.npmjs.org/lodash._basecreatecallback/-/lodash._basecreatecallback-2.4.1.tgz"
  "version" "2.4.1"
  dependencies:
    "lodash._setbinddata" "~2.4.1"
    "lodash.bind" "~2.4.1"
    "lodash.identity" "~2.4.1"
    "lodash.support" "~2.4.1"

"lodash._basecreatewrapper@~2.4.1":
  "integrity" "sha512-x2ja1fa/qmzbizuXgVM4QAP9svtMbdxjG8Anl9bCeDAwLOVQ1vLrA0hLb/NkpbGi9evjtkl0aWLTEoOlUdBPQA=="
  "resolved" "https://registry.npmjs.org/lodash._basecreatewrapper/-/lodash._basecreatewrapper-2.4.1.tgz"
  "version" "2.4.1"
  dependencies:
    "lodash._basecreate" "~2.4.1"
    "lodash._setbinddata" "~2.4.1"
    "lodash._slice" "~2.4.1"
    "lodash.isobject" "~2.4.1"

"lodash._createwrapper@~2.4.1":
  "integrity" "sha512-5TCfLt1haQpsa7bgLYRKNNE4yqhO4ZxIayN1btQmazMchO6Q8JYFRMqbJ3W+uNmMm4R0Jw7KGkZX5YfDDnywuw=="
  "resolved" "https://registry.npmjs.org/lodash._createwrapper/-/lodash._createwrapper-2.4.1.tgz"
  "version" "2.4.1"
  dependencies:
    "lodash._basebind" "~2.4.1"
    "lodash._basecreatewrapper" "~2.4.1"
    "lodash._slice" "~2.4.1"
    "lodash.isfunction" "~2.4.1"

"lodash._isnative@~2.4.1":
  "integrity" "sha512-BOlKGKNHhCHswGOWtmVb5zBygyxN7EmTuzVOSQI6QSoGhG+kvv71gICFS1TBpnqvT1n53txK8CDK3u5D2/GZxQ=="
  "resolved" "https://registry.npmjs.org/lodash._isnative/-/lodash._isnative-2.4.1.tgz"
  "version" "2.4.1"

"lodash._objecttypes@~2.4.1":
  "integrity" "sha512-XpqGh1e7hhkOzftBfWE7zt+Yn9mVHFkDhicVttvKLsoCMLVVL+xTQjfjB4X4vtznauxv0QZ5ZAeqjvat0dh62Q=="
  "resolved" "https://registry.npmjs.org/lodash._objecttypes/-/lodash._objecttypes-2.4.1.tgz"
  "version" "2.4.1"

"lodash._setbinddata@~2.4.1":
  "integrity" "sha512-Vx0XKzpg2DFbQw4wrp1xSWd2sfl3W/BG6bucSRZmftS1AzbWRemCmBQDxyQTNhlLNec428PXkuuja+VNBZgu2A=="
  "resolved" "https://registry.npmjs.org/lodash._setbinddata/-/lodash._setbinddata-2.4.1.tgz"
  "version" "2.4.1"
  dependencies:
    "lodash._isnative" "~2.4.1"
    "lodash.noop" "~2.4.1"

"lodash._shimkeys@~2.4.1":
  "integrity" "sha512-lBrglYxLD/6KAJ8IEa5Lg+YHgNAL7FyKqXg4XOUI+Du/vtniLs1ZqS+yHNKPkK54waAgkdUnDOYaWf+rv4B+AA=="
  "resolved" "https://registry.npmjs.org/lodash._shimkeys/-/lodash._shimkeys-2.4.1.tgz"
  "version" "2.4.1"
  dependencies:
    "lodash._objecttypes" "~2.4.1"

"lodash._slice@~2.4.1":
  "integrity" "sha512-+odPJa4PE2UgYnQgJgkLs0UD03QU78R2ivhrFnG9GdtYOZdE6ObxOj7KiUEUlqOOgatFT+ZqSypFjDSduTigKg=="
  "resolved" "https://registry.npmjs.org/lodash._slice/-/lodash._slice-2.4.1.tgz"
  "version" "2.4.1"

"lodash.assign@~2.4.1":
  "integrity" "sha512-AqQ4AJz5buSx9ELXWt5dONwJyVPd4NTADMKhoVYWCugjoVf172/LpvVhwmSJn4g8/Dc0S8hxTe8rt5Dob3X9KQ=="
  "resolved" "https://registry.npmjs.org/lodash.assign/-/lodash.assign-2.4.1.tgz"
  "version" "2.4.1"
  dependencies:
    "lodash._basecreatecallback" "~2.4.1"
    "lodash._objecttypes" "~2.4.1"
    "lodash.keys" "~2.4.1"

"lodash.bind@~2.4.1":
  "integrity" "sha512-hn2VWYZ+N9aYncRad4jORvlGgpFrn+axnPIWRvFxjk6CWcZH5b5alI8EymYsHITI23Z9wrW/+ORq+azrVFpOfw=="
  "resolved" "https://registry.npmjs.org/lodash.bind/-/lodash.bind-2.4.1.tgz"
  "version" "2.4.1"
  dependencies:
    "lodash._createwrapper" "~2.4.1"
    "lodash._slice" "~2.4.1"

"lodash.identity@~2.4.1":
  "integrity" "sha512-VRYX+8XipeLjorag5bz3YBBRJ+5kj8hVBzfnaHgXPZAVTYowBdY5l0M5ZnOmlAMCOXBFabQtm7f5VqjMKEji0w=="
  "resolved" "https://registry.npmjs.org/lodash.identity/-/lodash.identity-2.4.1.tgz"
  "version" "2.4.1"

"lodash.isfunction@~2.4.1":
  "integrity" "sha512-6XcAB3izeQxPOQQNAJbbdjXbvWEt2Pn9ezPrjr4CwoLwmqsLVbsiEXD19cmmt4mbzOCOCdHzOQiUivUOJLra7w=="
  "resolved" "https://registry.npmjs.org/lodash.isfunction/-/lodash.isfunction-2.4.1.tgz"
  "version" "2.4.1"

"lodash.isobject@~2.4.1":
  "integrity" "sha512-sTebg2a1PoicYEZXD5PBdQcTlIJ6hUslrlWr7iV0O7n+i4596s2NQ9I5CaZ5FbXSfya/9WQsrYLANUJv9paYVA=="
  "resolved" "https://registry.npmjs.org/lodash.isobject/-/lodash.isobject-2.4.1.tgz"
  "version" "2.4.1"
  dependencies:
    "lodash._objecttypes" "~2.4.1"

"lodash.keys@~2.4.1":
  "integrity" "sha512-ZpJhwvUXHSNL5wYd1RM6CUa2ZuqorG9ngoJ9Ix5Cce+uX7I5O/E06FCJdhSZ33b5dVyeQDnIlWH7B2s5uByZ7g=="
  "resolved" "https://registry.npmjs.org/lodash.keys/-/lodash.keys-2.4.1.tgz"
  "version" "2.4.1"
  dependencies:
    "lodash._isnative" "~2.4.1"
    "lodash._shimkeys" "~2.4.1"
    "lodash.isobject" "~2.4.1"

"lodash.noop@~2.4.1":
  "integrity" "sha512-uNcV98/blRhInPUGQEnj9ekXXfG+q+rfoNSFZgl/eBfog9yBDW9gfUv2AHX/rAF7zZRlzWhbslGhbGQFZlCkZA=="
  "resolved" "https://registry.npmjs.org/lodash.noop/-/lodash.noop-2.4.1.tgz"
  "version" "2.4.1"

"lodash.support@~2.4.1":
  "integrity" "sha512-6SwqWwGFHhTXEiqB/yQgu8FYd//tm786d49y7kizHVCJH7zdzs191UQn3ES3tkkDbUddNRfkCRYqJFHtbLnbCw=="
  "resolved" "https://registry.npmjs.org/lodash.support/-/lodash.support-2.4.1.tgz"
  "version" "2.4.1"
  dependencies:
    "lodash._isnative" "~2.4.1"

"map-stream@~0.1.0":
  "integrity" "sha512-CkYQrPYZfWnu/DAmVCpTSX/xHpKZ80eKh2lAkyA6AJTef6bW+6JpbQZN5rofum7da+SyN1bi5ctTm+lTfcCW3g=="
  "resolved" "https://registry.npmjs.org/map-stream/-/map-stream-0.1.0.tgz"
  "version" "0.1.0"

"pause-stream@0.0.11":
  "integrity" "sha512-e3FBlXLmN/D1S+zHzanP4E/4Z60oFAa3O051qt1pxa7DEJWKAyil6upYVXCWadEnuoqa4Pkc9oUx9zsxYeRv8A=="
  "resolved" "https://registry.npmjs.org/pause-stream/-/pause-stream-0.0.11.tgz"
  "version" "0.0.11"
  dependencies:
    "through" "~2.3"

"prettier@^2.8.7":
  "integrity" "sha512-yPngTo3aXUUmyuTjeTUT75txrf+aMh9FiD7q9ZE/i6r0bPb22g4FsE6Y338PQX1bmfy08i9QQCB7/rcUAVntfw=="
  "resolved" "https://registry.npmjs.org/prettier/-/prettier-2.8.7.tgz"
  "version" "2.8.7"

"prettier@>=2.3.0":
  "integrity" "sha512-9Lmg8hTFZKG0Asr/kW9Bp8tJjRVluO8EJQVfY2T7FMw9T5jy4I/Uvx0Rca/XWf50QQ1/SS48+6IJWnrb+2yemA=="
  "resolved" "https://registry.npmjs.org/prettier/-/prettier-2.8.0.tgz"
  "version" "2.8.0"

"split@0.2":
  "integrity" "sha512-e0pKq+UUH2Xq/sXbYpZBZc3BawsfDZ7dgv+JtRTUPNcvF5CMR4Y9cvJqkMY0MoxWzTHvZuz1beg6pNEKlszPiQ=="
  "resolved" "https://registry.npmjs.org/split/-/split-0.2.10.tgz"
  "version" "0.2.10"
  dependencies:
    "through" "2"

"stream-combiner@~0.0.4":
  "integrity" "sha512-rT00SPnTVyRsaSz5zgSPma/aHSOic5U1prhYdRy5HS2kTZviFpmDgzilbtsJsxiroqACmayynDN/9VzIbX5DOw=="
  "resolved" "https://registry.npmjs.org/stream-combiner/-/stream-combiner-0.0.4.tgz"
  "version" "0.0.4"
  dependencies:
    "duplexer" "~0.1.1"

"through@~2.3", "through@~2.3.1", "through@2":
  "integrity" "sha512-w89qg7PI8wAdvX60bMDP+bFoD5Dvhm9oLheFp5O4a2QF0cSBGsBX4qZmadPMvVqlLJBBci+WqGGOAPvcDeNSVg=="
  "resolved" "https://registry.npmjs.org/through/-/through-2.3.8.tgz"
  "version" "2.3.8"
